
Microsoft Visual Studio Solution File, Format Version 12.00
# Visual Studio Version 16
VisualStudioVersion = 16.0.29728.190
MinimumVisualStudioVersion = 10.0.40219.1
Project("{FAE04EC0-301F-11D3-BF4B-00C04F79EFBC}") = "GUI", "GUI\GUI.csproj", "{2D87A623-2D40-4C50-AADF-FB3C301FDD2C}"
EndProject
Project("{2150E333-8FDC-42A3-9474-1A3956D46DE8}") = "CrossCutting", "CrossCutting", "{5C266881-3FA7-43AD-8D83-1D3BD30A4FA4}"
EndProject
Project("{2150E333-8FDC-42A3-9474-1A3956D46DE8}") = "DataStoring", "DataStoring", "{05D66F62-E675-40AC-8274-34D5F2280544}"
EndProject
Project("{2150E333-8FDC-42A3-9474-1A3956D46DE8}") = "DI", "DI", "{640C6E4B-B876-4E6C-A72B-DC3F1C777057}"
EndProject
Project("{2150E333-8FDC-42A3-9474-1A3956D46DE8}") = "Logic", "Logic", "{C4A201B5-CEDE-47B7-A4C3-42C5897A94D8}"
EndProject
Project("{2150E333-8FDC-42A3-9474-1A3956D46DE8}") = "Tests", "Tests", "{8F929B82-F5A7-4F71-9196-2C3BC208CBD0}"
EndProject
Project("{2150E333-8FDC-42A3-9474-1A3956D46DE8}") = "GUI", "GUI", "{039F3853-AB7B-4B1A-8AA0-3FAC1309612D}"
EndProject
Project("{FAE04EC0-301F-11D3-BF4B-00C04F79EFBC}") = "Configuration", "Configuration\Configuration.csproj", "{E6FCA86F-CC73-4231-8FA5-4BA63C103E98}"
EndProject
Project("{FAE04EC0-301F-11D3-BF4B-00C04F79EFBC}") = "Configuration.Contracts", "Configuration.Contracts\Configuration.Contracts.csproj", "{ACDEC481-613F-457E-B707-00AF9F89BFEF}"
EndProject
Project("{FAE04EC0-301F-11D3-BF4B-00C04F79EFBC}") = "DataStoring", "DataStoring\DataStoring.csproj", "{B7E74531-2E05-4D26-A3F0-D3AC55DB33C8}"
EndProject
Project("{FAE04EC0-301F-11D3-BF4B-00C04F79EFBC}") = "DataStoring.Contracts", "DataStoring.Contracts\DataStoring.Contracts.csproj", "{D5E4C2FC-43C9-452A-8E38-E1F09493DC1E}"
EndProject
Project("{FAE04EC0-301F-11D3-BF4B-00C04F79EFBC}") = "DiMappings", "DiMappings\DiMappings.csproj", "{84D9D35E-9CCE-4492-94CE-987CE2FC40E7}"
EndProject
Project("{FAE04EC0-301F-11D3-BF4B-00C04F79EFBC}") = "DataStorage", "DataStorage\DataStorage.csproj", "{9E8643F7-17BE-4F40-B077-457070CE71E0}"
EndProject
Project("{FAE04EC0-301F-11D3-BF4B-00C04F79EFBC}") = "DataStorage.Contracts", "DataStorage.Contracts\DataStorage.Contracts.csproj", "{4C04196A-A482-4514-B8B2-AC07C559F746}"
EndProject
Global
	GlobalSection(SolutionConfigurationPlatforms) = preSolution
		Debug|Any CPU = Debug|Any CPU
		Release|Any CPU = Release|Any CPU
	EndGlobalSection
	GlobalSection(ProjectConfigurationPlatforms) = postSolution
		{2D87A623-2D40-4C50-AADF-FB3C301FDD2C}.Debug|Any CPU.ActiveCfg = Debug|Any CPU
		{2D87A623-2D40-4C50-AADF-FB3C301FDD2C}.Debug|Any CPU.Build.0 = Debug|Any CPU
		{2D87A623-2D40-4C50-AADF-FB3C301FDD2C}.Release|Any CPU.ActiveCfg = Release|Any CPU
		{2D87A623-2D40-4C50-AADF-FB3C301FDD2C}.Release|Any CPU.Build.0 = Release|Any CPU
		{E6FCA86F-CC73-4231-8FA5-4BA63C103E98}.Debug|Any CPU.ActiveCfg = Debug|Any CPU
		{E6FCA86F-CC73-4231-8FA5-4BA63C103E98}.Debug|Any CPU.Build.0 = Debug|Any CPU
		{E6FCA86F-CC73-4231-8FA5-4BA63C103E98}.Release|Any CPU.ActiveCfg = Release|Any CPU
		{E6FCA86F-CC73-4231-8FA5-4BA63C103E98}.Release|Any CPU.Build.0 = Release|Any CPU
		{ACDEC481-613F-457E-B707-00AF9F89BFEF}.Debug|Any CPU.ActiveCfg = Debug|Any CPU
		{ACDEC481-613F-457E-B707-00AF9F89BFEF}.Debug|Any CPU.Build.0 = Debug|Any CPU
		{ACDEC481-613F-457E-B707-00AF9F89BFEF}.Release|Any CPU.ActiveCfg = Release|Any CPU
		{ACDEC481-613F-457E-B707-00AF9F89BFEF}.Release|Any CPU.Build.0 = Release|Any CPU
		{B7E74531-2E05-4D26-A3F0-D3AC55DB33C8}.Debug|Any CPU.ActiveCfg = Debug|Any CPU
		{B7E74531-2E05-4D26-A3F0-D3AC55DB33C8}.Debug|Any CPU.Build.0 = Debug|Any CPU
		{B7E74531-2E05-4D26-A3F0-D3AC55DB33C8}.Release|Any CPU.ActiveCfg = Release|Any CPU
		{B7E74531-2E05-4D26-A3F0-D3AC55DB33C8}.Release|Any CPU.Build.0 = Release|Any CPU
		{D5E4C2FC-43C9-452A-8E38-E1F09493DC1E}.Debug|Any CPU.ActiveCfg = Debug|Any CPU
		{D5E4C2FC-43C9-452A-8E38-E1F09493DC1E}.Debug|Any CPU.Build.0 = Debug|Any CPU
		{D5E4C2FC-43C9-452A-8E38-E1F09493DC1E}.Release|Any CPU.ActiveCfg = Release|Any CPU
		{D5E4C2FC-43C9-452A-8E38-E1F09493DC1E}.Release|Any CPU.Build.0 = Release|Any CPU
		{84D9D35E-9CCE-4492-94CE-987CE2FC40E7}.Debug|Any CPU.ActiveCfg = Debug|Any CPU
		{84D9D35E-9CCE-4492-94CE-987CE2FC40E7}.Debug|Any CPU.Build.0 = Debug|Any CPU
		{84D9D35E-9CCE-4492-94CE-987CE2FC40E7}.Release|Any CPU.ActiveCfg = Release|Any CPU
		{84D9D35E-9CCE-4492-94CE-987CE2FC40E7}.Release|Any CPU.Build.0 = Release|Any CPU
		{9E8643F7-17BE-4F40-B077-457070CE71E0}.Debug|Any CPU.ActiveCfg = Debug|Any CPU
		{9E8643F7-17BE-4F40-B077-457070CE71E0}.Debug|Any CPU.Build.0 = Debug|Any CPU
		{9E8643F7-17BE-4F40-B077-457070CE71E0}.Release|Any CPU.ActiveCfg = Release|Any CPU
		{9E8643F7-17BE-4F40-B077-457070CE71E0}.Release|Any CPU.Build.0 = Release|Any CPU
		{4C04196A-A482-4514-B8B2-AC07C559F746}.Debug|Any CPU.ActiveCfg = Debug|Any CPU
		{4C04196A-A482-4514-B8B2-AC07C559F746}.Debug|Any CPU.Build.0 = Debug|Any CPU
		{4C04196A-A482-4514-B8B2-AC07C559F746}.Release|Any CPU.ActiveCfg = Release|Any CPU
		{4C04196A-A482-4514-B8B2-AC07C559F746}.Release|Any CPU.Build.0 = Release|Any CPU
	EndGlobalSection
	GlobalSection(SolutionProperties) = preSolution
		HideSolutionNode = FALSE
	EndGlobalSection
	GlobalSection(NestedProjects) = preSolution
		{2D87A623-2D40-4C50-AADF-FB3C301FDD2C} = {039F3853-AB7B-4B1A-8AA0-3FAC1309612D}
		{E6FCA86F-CC73-4231-8FA5-4BA63C103E98} = {5C266881-3FA7-43AD-8D83-1D3BD30A4FA4}
		{ACDEC481-613F-457E-B707-00AF9F89BFEF} = {5C266881-3FA7-43AD-8D83-1D3BD30A4FA4}
		{B7E74531-2E05-4D26-A3F0-D3AC55DB33C8} = {05D66F62-E675-40AC-8274-34D5F2280544}
		{D5E4C2FC-43C9-452A-8E38-E1F09493DC1E} = {05D66F62-E675-40AC-8274-34D5F2280544}
		{84D9D35E-9CCE-4492-94CE-987CE2FC40E7} = {640C6E4B-B876-4E6C-A72B-DC3F1C777057}
		{9E8643F7-17BE-4F40-B077-457070CE71E0} = {C4A201B5-CEDE-47B7-A4C3-42C5897A94D8}
		{4C04196A-A482-4514-B8B2-AC07C559F746} = {C4A201B5-CEDE-47B7-A4C3-42C5897A94D8}
	EndGlobalSection
	GlobalSection(ExtensibilityGlobals) = postSolution
		SolutionGuid = {FC6B03B2-AE01-44BF-8D67-5862917E0F6A}
	EndGlobalSection
EndGlobal
